
Microsoft Visual Studio Solution File, Format Version 12.00
# Visual Studio Version 16
VisualStudioVersion = 16.0.30523.141
MinimumVisualStudioVersion = 10.0.40219.1
Project("{9A19103F-16F7-4668-BE54-9A1E7A4F7556}") = "CotacaoMoeda.API", "CotacaoMoeda.API\CotacaoMoeda.API.csproj", "{36116591-D95C-4D02-9D01-AE71BC6CD78F}"
EndProject
Project("{FAE04EC0-301F-11D3-BF4B-00C04F79EFBC}") = "CotacaoMoeda.Domain", "CotacaoMoeda.Domain\CotacaoMoeda.Domain.csproj", "{A8035C65-81F9-453C-86CC-B5720377C129}"
EndProject
Project("{FAE04EC0-301F-11D3-BF4B-00C04F79EFBC}") = "CotacaoMoeda.Service", "CotacaoMoeda.Service\CotacaoMoeda.Service.csproj", "{71E0F9BF-EF51-4E59-A6C7-A571F83447CA}"
EndProject
Global
	GlobalSection(SolutionConfigurationPlatforms) = preSolution
		Debug|Any CPU = Debug|Any CPU
		Release|Any CPU = Release|Any CPU
	EndGlobalSection
	GlobalSection(ProjectConfigurationPlatforms) = postSolution
		{36116591-D95C-4D02-9D01-AE71BC6CD78F}.Debug|Any CPU.ActiveCfg = Debug|Any CPU
		{36116591-D95C-4D02-9D01-AE71BC6CD78F}.Debug|Any CPU.Build.0 = Debug|Any CPU
		{36116591-D95C-4D02-9D01-AE71BC6CD78F}.Release|Any CPU.ActiveCfg = Release|Any CPU
		{36116591-D95C-4D02-9D01-AE71BC6CD78F}.Release|Any CPU.Build.0 = Release|Any CPU
		{A8035C65-81F9-453C-86CC-B5720377C129}.Debug|Any CPU.ActiveCfg = Debug|Any CPU
		{A8035C65-81F9-453C-86CC-B5720377C129}.Debug|Any CPU.Build.0 = Debug|Any CPU
		{A8035C65-81F9-453C-86CC-B5720377C129}.Release|Any CPU.ActiveCfg = Release|Any CPU
		{A8035C65-81F9-453C-86CC-B5720377C129}.Release|Any CPU.Build.0 = Release|Any CPU
		{71E0F9BF-EF51-4E59-A6C7-A571F83447CA}.Debug|Any CPU.ActiveCfg = Debug|Any CPU
		{71E0F9BF-EF51-4E59-A6C7-A571F83447CA}.Debug|Any CPU.Build.0 = Debug|Any CPU
		{71E0F9BF-EF51-4E59-A6C7-A571F83447CA}.Release|Any CPU.ActiveCfg = Release|Any CPU
		{71E0F9BF-EF51-4E59-A6C7-A571F83447CA}.Release|Any CPU.Build.0 = Release|Any CPU
	EndGlobalSection
	GlobalSection(SolutionProperties) = preSolution
		HideSolutionNode = FALSE
	EndGlobalSection
	GlobalSection(ExtensibilityGlobals) = postSolution
		SolutionGuid = {DD961C5C-386F-4F94-BA7B-94EBE4903769}
	EndGlobalSection
EndGlobal
